
Microsoft Visual Studio Solution File, Format Version 12.00
# Visual Studio Version 17
VisualStudioVersion = 17.14.36603.0 d17.14
MinimumVisualStudioVersion = 10.0.40219.1
Project("{FAE04EC0-301F-11D3-BF4B-00C04F79EFBC}") = "Bài 8", "Bài 8\Bài 8.csproj", "{BC61F34E-37F9-4FA7-82BA-AE6E1F30DA4D}"
EndProject
Global
	GlobalSection(SolutionConfigurationPlatforms) = preSolution
		Debug|Any CPU = Debug|Any CPU
		Release|Any CPU = Release|Any CPU
	EndGlobalSection
	GlobalSection(ProjectConfigurationPlatforms) = postSolution
		{BC61F34E-37F9-4FA7-82BA-AE6E1F30DA4D}.Debug|Any CPU.ActiveCfg = Debug|Any CPU
		{BC61F34E-37F9-4FA7-82BA-AE6E1F30DA4D}.Debug|Any CPU.Build.0 = Debug|Any CPU
		{BC61F34E-37F9-4FA7-82BA-AE6E1F30DA4D}.Release|Any CPU.ActiveCfg = Release|Any CPU
		{BC61F34E-37F9-4FA7-82BA-AE6E1F30DA4D}.Release|Any CPU.Build.0 = Release|Any CPU
	EndGlobalSection
	GlobalSection(SolutionProperties) = preSolution
		HideSolutionNode = FALSE
	EndGlobalSection
	GlobalSection(ExtensibilityGlobals) = postSolution
		SolutionGuid = {568C2FFF-F8CA-4F11-9B17-AFE3038C9789}
	EndGlobalSection
EndGlobal
